# THIS IS AN AUTOGENERATED FILE. DO NOT EDIT THIS FILE DIRECTLY.
# yarn lockfile v1


shamirs-secret-sharing@^1.0.1:
  version "1.0.1"
  resolved "https://registry.yarnpkg.com/shamirs-secret-sharing/-/shamirs-secret-sharing-1.0.1.tgz#74fb0aa60f7462feafb602f881cb058722739e54"
  integrity sha512-+sbTZJfis6EtDZTgkf0gSUahXDDuFRY8GK0DUw0lXqMDN54a5ywLD6D2sab45AA2SLQxTS4gB0kUmelNVaPVlA==
